
Microsoft Visual Studio Solution File, Format Version 12.00
# Visual Studio Version 17
VisualStudioVersion = 17.4.33205.214
MinimumVisualStudioVersion = 10.0.40219.1
Project("{FAE04EC0-301F-11D3-BF4B-00C04F79EFBC}") = "Inheritance", "Inheritance\Inheritance.csproj", "{642F8E96-34E9-4796-96E5-8BA9D6A1F7FD}"
EndProject
Project("{FAE04EC0-301F-11D3-BF4B-00C04F79EFBC}") = "Farm", "SingleInheritance\Farm.csproj", "{D84D25CC-D9A4-42C0-8844-CF1808AADA84}"
EndProject
Project("{FAE04EC0-301F-11D3-BF4B-00C04F79EFBC}") = "Hierarchical Inheritance", "Hierarchical Inheritance\Hierarchical Inheritance.csproj", "{D4AF387E-489A-48AF-8BF9-52DB7DDF9F44}"
EndProject
Global
	GlobalSection(SolutionConfigurationPlatforms) = preSolution
		Debug|Any CPU = Debug|Any CPU
		Release|Any CPU = Release|Any CPU
	EndGlobalSection
	GlobalSection(ProjectConfigurationPlatforms) = postSolution
		{642F8E96-34E9-4796-96E5-8BA9D6A1F7FD}.Debug|Any CPU.ActiveCfg = Debug|Any CPU
		{642F8E96-34E9-4796-96E5-8BA9D6A1F7FD}.Debug|Any CPU.Build.0 = Debug|Any CPU
		{642F8E96-34E9-4796-96E5-8BA9D6A1F7FD}.Release|Any CPU.ActiveCfg = Release|Any CPU
		{642F8E96-34E9-4796-96E5-8BA9D6A1F7FD}.Release|Any CPU.Build.0 = Release|Any CPU
		{D84D25CC-D9A4-42C0-8844-CF1808AADA84}.Debug|Any CPU.ActiveCfg = Debug|Any CPU
		{D84D25CC-D9A4-42C0-8844-CF1808AADA84}.Debug|Any CPU.Build.0 = Debug|Any CPU
		{D84D25CC-D9A4-42C0-8844-CF1808AADA84}.Release|Any CPU.ActiveCfg = Release|Any CPU
		{D84D25CC-D9A4-42C0-8844-CF1808AADA84}.Release|Any CPU.Build.0 = Release|Any CPU
		{D4AF387E-489A-48AF-8BF9-52DB7DDF9F44}.Debug|Any CPU.ActiveCfg = Debug|Any CPU
		{D4AF387E-489A-48AF-8BF9-52DB7DDF9F44}.Debug|Any CPU.Build.0 = Debug|Any CPU
		{D4AF387E-489A-48AF-8BF9-52DB7DDF9F44}.Release|Any CPU.ActiveCfg = Release|Any CPU
		{D4AF387E-489A-48AF-8BF9-52DB7DDF9F44}.Release|Any CPU.Build.0 = Release|Any CPU
	EndGlobalSection
	GlobalSection(SolutionProperties) = preSolution
		HideSolutionNode = FALSE
	EndGlobalSection
	GlobalSection(ExtensibilityGlobals) = postSolution
		SolutionGuid = {A00E87EF-9B5F-47AC-9AA9-ADCDB65CDCCB}
	EndGlobalSection
EndGlobal
