
Microsoft Visual Studio Solution File, Format Version 12.00
# Visual Studio Version 17
VisualStudioVersion = 17.4.33205.214
MinimumVisualStudioVersion = 10.0.40219.1
Project("{9A19103F-16F7-4668-BE54-9A1E7A4F7556}") = "ReadOnly property", "EncapsulationNiki\ReadOnly property.csproj", "{77CA633A-EC68-42E3-B258-79BE88C1B713}"
EndProject
Project("{9A19103F-16F7-4668-BE54-9A1E7A4F7556}") = "setter - min salary", "setter\setter - min salary.csproj", "{F8B6A581-8CE6-43EA-8E63-45E4D85402EC}"
EndProject
Project("{FAE04EC0-301F-11D3-BF4B-00C04F79EFBC}") = "ClassBoxData", "ClassBoxData\ClassBoxData.csproj", "{283104AC-F3F2-4854-B57C-1536690A3516}"
EndProject
Project("{FAE04EC0-301F-11D3-BF4B-00C04F79EFBC}") = "ShoppingSpree", "ShoppingSpree\ShoppingSpree.csproj", "{97AE2911-7E10-4E63-81D3-B53D84B83083}"
EndProject
Global
	GlobalSection(SolutionConfigurationPlatforms) = preSolution
		Debug|Any CPU = Debug|Any CPU
		Release|Any CPU = Release|Any CPU
	EndGlobalSection
	GlobalSection(ProjectConfigurationPlatforms) = postSolution
		{77CA633A-EC68-42E3-B258-79BE88C1B713}.Debug|Any CPU.ActiveCfg = Debug|Any CPU
		{77CA633A-EC68-42E3-B258-79BE88C1B713}.Debug|Any CPU.Build.0 = Debug|Any CPU
		{77CA633A-EC68-42E3-B258-79BE88C1B713}.Release|Any CPU.ActiveCfg = Release|Any CPU
		{77CA633A-EC68-42E3-B258-79BE88C1B713}.Release|Any CPU.Build.0 = Release|Any CPU
		{F8B6A581-8CE6-43EA-8E63-45E4D85402EC}.Debug|Any CPU.ActiveCfg = Debug|Any CPU
		{F8B6A581-8CE6-43EA-8E63-45E4D85402EC}.Debug|Any CPU.Build.0 = Debug|Any CPU
		{F8B6A581-8CE6-43EA-8E63-45E4D85402EC}.Release|Any CPU.ActiveCfg = Release|Any CPU
		{F8B6A581-8CE6-43EA-8E63-45E4D85402EC}.Release|Any CPU.Build.0 = Release|Any CPU
		{283104AC-F3F2-4854-B57C-1536690A3516}.Debug|Any CPU.ActiveCfg = Debug|Any CPU
		{283104AC-F3F2-4854-B57C-1536690A3516}.Debug|Any CPU.Build.0 = Debug|Any CPU
		{283104AC-F3F2-4854-B57C-1536690A3516}.Release|Any CPU.ActiveCfg = Release|Any CPU
		{283104AC-F3F2-4854-B57C-1536690A3516}.Release|Any CPU.Build.0 = Release|Any CPU
		{97AE2911-7E10-4E63-81D3-B53D84B83083}.Debug|Any CPU.ActiveCfg = Debug|Any CPU
		{97AE2911-7E10-4E63-81D3-B53D84B83083}.Debug|Any CPU.Build.0 = Debug|Any CPU
		{97AE2911-7E10-4E63-81D3-B53D84B83083}.Release|Any CPU.ActiveCfg = Release|Any CPU
		{97AE2911-7E10-4E63-81D3-B53D84B83083}.Release|Any CPU.Build.0 = Release|Any CPU
	EndGlobalSection
	GlobalSection(SolutionProperties) = preSolution
		HideSolutionNode = FALSE
	EndGlobalSection
	GlobalSection(ExtensibilityGlobals) = postSolution
		SolutionGuid = {129B3F25-B55A-4C01-8D75-699A7BACAAA4}
	EndGlobalSection
EndGlobal
