
Microsoft Visual Studio Solution File, Format Version 12.00
# Visual Studio Version 17
VisualStudioVersion = 17.4.33205.214
MinimumVisualStudioVersion = 10.0.40219.1
Project("{FAE04EC0-301F-11D3-BF4B-00C04F79EFBC}") = "EncapsulationLab", "EncapsulationLab\EncapsulationLab.csproj", "{6F3D8CBF-C1F7-479C-B0D8-6BD2E8214638}"
EndProject
Project("{FAE04EC0-301F-11D3-BF4B-00C04F79EFBC}") = "PersonsInfo", "PersonsInfo\PersonsInfo.csproj", "{3456D93D-5DED-48B5-B799-A34FDC05FA9A}"
EndProject
Global
	GlobalSection(SolutionConfigurationPlatforms) = preSolution
		Debug|Any CPU = Debug|Any CPU
		Release|Any CPU = Release|Any CPU
	EndGlobalSection
	GlobalSection(ProjectConfigurationPlatforms) = postSolution
		{6F3D8CBF-C1F7-479C-B0D8-6BD2E8214638}.Debug|Any CPU.ActiveCfg = Debug|Any CPU
		{6F3D8CBF-C1F7-479C-B0D8-6BD2E8214638}.Debug|Any CPU.Build.0 = Debug|Any CPU
		{6F3D8CBF-C1F7-479C-B0D8-6BD2E8214638}.Release|Any CPU.ActiveCfg = Release|Any CPU
		{6F3D8CBF-C1F7-479C-B0D8-6BD2E8214638}.Release|Any CPU.Build.0 = Release|Any CPU
		{3456D93D-5DED-48B5-B799-A34FDC05FA9A}.Debug|Any CPU.ActiveCfg = Debug|Any CPU
		{3456D93D-5DED-48B5-B799-A34FDC05FA9A}.Debug|Any CPU.Build.0 = Debug|Any CPU
		{3456D93D-5DED-48B5-B799-A34FDC05FA9A}.Release|Any CPU.ActiveCfg = Release|Any CPU
		{3456D93D-5DED-48B5-B799-A34FDC05FA9A}.Release|Any CPU.Build.0 = Release|Any CPU
	EndGlobalSection
	GlobalSection(SolutionProperties) = preSolution
		HideSolutionNode = FALSE
	EndGlobalSection
	GlobalSection(ExtensibilityGlobals) = postSolution
		SolutionGuid = {C9D84682-77B8-4D96-A080-579E92F1B1E1}
	EndGlobalSection
EndGlobal
